github.com/anhgelus/golatt v0.0.0-20241109183808-8c716b22d264 h1:CpiNn32epgJJOPnwXZk4CfrdI6oDFaEtUTwX7w+1A4Q=
github.com/anhgelus/golatt v0.0.0-20241109183808-8c716b22d264/go.mod h1:Lgyy/Tm9A3w1ft72mZOUxl/p+4G2/WB3qxoXTv7Y4y8=
github.com/gorilla/mux v1.8.1 h1:TuBL49tXwgrFYWhqrNgrUNEY92u81SPhu7sTdzQEiWY=
github.com/gorilla/mux v1.8.1/go.mod h1:AKf9I4AEqPTmMytcMc0KkNouC66V3BtZ4qD5fmWSiMQ=
